{
    "_readme": [
        "This file locks the dependencies of your project to a known state",
        "Read more about it at https://getcomposer.org/doc/01-basic-usage.md#composer-lock-the-lock-file",
        "This file is @generated automatically"
    ],
    "hash": "c9b40b07fc3441a0bafbcd8f70bdb5b7",
    "content-hash": "49f8ef222f554f88dd4e5ceeb7c6c72b",
    "packages": [
        {
            "name": "max_dark/useless-abstraction",
            "version": "1.0.1",
            "source": {
                "type": "git",
                "url": "https://bitbucket.org/max_dark/useless-abstraction.git",
                "reference": "17558bb85fa1c9cc044468a976c243d054e38585"
            },
            "dist": {
                "type": "zip",
                "url": "https://bitbucket.org/max_dark/useless-abstraction/get/17558bb85fa1c9cc044468a976c243d054e38585.zip",
                "reference": "17558bb85fa1c9cc044468a976c243d054e38585",
                "shasum": ""
            },
            "require": {
                "php": ">=5.6.4"
            },
            "type": "library",
            "autoload": {
                "psr-4": {
                    "useless\\abstraction\\": "src/"
                }
            },
            "license": [
                "MIT"
            ],
            "authors": [
                {
                    "name": "Max Dark",
                    "email": "maxim.dark@gmail.com"
                }
            ],
            "description": "useless\\abstraction library",
            "homepage": "https://bitbucket.org/max_dark/useless-abstraction",
            "support": {
                "source": "https://bitbucket.org/max_dark/useless-abstraction/src/17558bb85fa1c9cc044468a976c243d054e38585/?at=1.0.1",
                "issues": "https://bitbucket.org/max_dark/useless-abstraction/issues"
            },
            "time": "2016-09-02 07:53:49"
        }
    ],
    "packages-dev": [],
    "aliases": [],
    "minimum-stability": "stable",
    "stability-flags": [],
    "prefer-stable": false,
    "prefer-lowest": false,
    "platform": {
        "php": ">=5.6.4"
    },
    "platform-dev": []
}
